
Microsoft Visual Studio Solution File, Format Version 12.00
# Visual Studio Version 17
VisualStudioVersion = 17.10.34916.146
MinimumVisualStudioVersion = 10.0.40219.1
Project("{FAE04EC0-301F-11D3-BF4B-00C04F79EFBC}") = "SerialiseAnObject", "SerialiseAnObject\SerialiseAnObject.csproj", "{A1B1D256-968D-4ABE-A600-2E20C2F5508A}"
EndProject
Project("{FAE04EC0-301F-11D3-BF4B-00C04F79EFBC}") = "SerialiseCollection", "SerialiseCollection\SerialiseCollection.csproj", "{667421BF-05B8-459A-B6CA-F4A2D478148A}"
EndProject
Project("{FAE04EC0-301F-11D3-BF4B-00C04F79EFBC}") = "SerialiseDictionary", "SerialiseDictionary\SerialiseDictionary.csproj", "{7CEDA4CD-1063-422E-90F5-FFD6E2443B91}"
EndProject
Project("{FAE04EC0-301F-11D3-BF4B-00C04F79EFBC}") = "SerialiseJSONToFile", "SerialiseJSONToFile\SerialiseJSONToFile.csproj", "{B9B55F73-E6E6-4DCC-8E0C-F378A63BEF05}"
EndProject
Project("{FAE04EC0-301F-11D3-BF4B-00C04F79EFBC}") = "SerialiseWithJsonConverters", "SerialiseWithJsonConverters\SerialiseWithJsonConverters.csproj", "{D664F790-8CA8-43C2-A46C-69C39937B20C}"
EndProject
Project("{FAE04EC0-301F-11D3-BF4B-00C04F79EFBC}") = "DynamicExpando", "ExpandoObject\DynamicExpando.csproj", "{A80D35DB-BE77-4684-8545-AC7B8F3C0C4C}"
EndProject
Project("{FAE04EC0-301F-11D3-BF4B-00C04F79EFBC}") = "SerialiseDataset", "SerialiseDataset\SerialiseDataset.csproj", "{C0416CC0-DFF0-4166-A677-811C9C50F6F4}"
EndProject
Project("{FAE04EC0-301F-11D3-BF4B-00C04F79EFBC}") = "MoreJsonConvert", "MoreJsonConvert\MoreJsonConvert.csproj", "{09583A42-010E-4B31-AE74-E6E50DE26C2B}"
EndProject
Global
	GlobalSection(SolutionConfigurationPlatforms) = preSolution
		Debug|Any CPU = Debug|Any CPU
		Release|Any CPU = Release|Any CPU
	EndGlobalSection
	GlobalSection(ProjectConfigurationPlatforms) = postSolution
		{A1B1D256-968D-4ABE-A600-2E20C2F5508A}.Debug|Any CPU.ActiveCfg = Debug|Any CPU
		{A1B1D256-968D-4ABE-A600-2E20C2F5508A}.Debug|Any CPU.Build.0 = Debug|Any CPU
		{A1B1D256-968D-4ABE-A600-2E20C2F5508A}.Release|Any CPU.ActiveCfg = Release|Any CPU
		{A1B1D256-968D-4ABE-A600-2E20C2F5508A}.Release|Any CPU.Build.0 = Release|Any CPU
		{667421BF-05B8-459A-B6CA-F4A2D478148A}.Debug|Any CPU.ActiveCfg = Debug|Any CPU
		{667421BF-05B8-459A-B6CA-F4A2D478148A}.Debug|Any CPU.Build.0 = Debug|Any CPU
		{667421BF-05B8-459A-B6CA-F4A2D478148A}.Release|Any CPU.ActiveCfg = Release|Any CPU
		{667421BF-05B8-459A-B6CA-F4A2D478148A}.Release|Any CPU.Build.0 = Release|Any CPU
		{7CEDA4CD-1063-422E-90F5-FFD6E2443B91}.Debug|Any CPU.ActiveCfg = Debug|Any CPU
		{7CEDA4CD-1063-422E-90F5-FFD6E2443B91}.Debug|Any CPU.Build.0 = Debug|Any CPU
		{7CEDA4CD-1063-422E-90F5-FFD6E2443B91}.Release|Any CPU.ActiveCfg = Release|Any CPU
		{7CEDA4CD-1063-422E-90F5-FFD6E2443B91}.Release|Any CPU.Build.0 = Release|Any CPU
		{B9B55F73-E6E6-4DCC-8E0C-F378A63BEF05}.Debug|Any CPU.ActiveCfg = Debug|Any CPU
		{B9B55F73-E6E6-4DCC-8E0C-F378A63BEF05}.Debug|Any CPU.Build.0 = Debug|Any CPU
		{B9B55F73-E6E6-4DCC-8E0C-F378A63BEF05}.Release|Any CPU.ActiveCfg = Release|Any CPU
		{B9B55F73-E6E6-4DCC-8E0C-F378A63BEF05}.Release|Any CPU.Build.0 = Release|Any CPU
		{D664F790-8CA8-43C2-A46C-69C39937B20C}.Debug|Any CPU.ActiveCfg = Debug|Any CPU
		{D664F790-8CA8-43C2-A46C-69C39937B20C}.Debug|Any CPU.Build.0 = Debug|Any CPU
		{D664F790-8CA8-43C2-A46C-69C39937B20C}.Release|Any CPU.ActiveCfg = Release|Any CPU
		{D664F790-8CA8-43C2-A46C-69C39937B20C}.Release|Any CPU.Build.0 = Release|Any CPU
		{A80D35DB-BE77-4684-8545-AC7B8F3C0C4C}.Debug|Any CPU.ActiveCfg = Debug|Any CPU
		{A80D35DB-BE77-4684-8545-AC7B8F3C0C4C}.Debug|Any CPU.Build.0 = Debug|Any CPU
		{A80D35DB-BE77-4684-8545-AC7B8F3C0C4C}.Release|Any CPU.ActiveCfg = Release|Any CPU
		{A80D35DB-BE77-4684-8545-AC7B8F3C0C4C}.Release|Any CPU.Build.0 = Release|Any CPU
		{C0416CC0-DFF0-4166-A677-811C9C50F6F4}.Debug|Any CPU.ActiveCfg = Debug|Any CPU
		{C0416CC0-DFF0-4166-A677-811C9C50F6F4}.Debug|Any CPU.Build.0 = Debug|Any CPU
		{C0416CC0-DFF0-4166-A677-811C9C50F6F4}.Release|Any CPU.ActiveCfg = Release|Any CPU
		{C0416CC0-DFF0-4166-A677-811C9C50F6F4}.Release|Any CPU.Build.0 = Release|Any CPU
		{09583A42-010E-4B31-AE74-E6E50DE26C2B}.Debug|Any CPU.ActiveCfg = Debug|Any CPU
		{09583A42-010E-4B31-AE74-E6E50DE26C2B}.Debug|Any CPU.Build.0 = Debug|Any CPU
		{09583A42-010E-4B31-AE74-E6E50DE26C2B}.Release|Any CPU.ActiveCfg = Release|Any CPU
		{09583A42-010E-4B31-AE74-E6E50DE26C2B}.Release|Any CPU.Build.0 = Release|Any CPU
	EndGlobalSection
	GlobalSection(SolutionProperties) = preSolution
		HideSolutionNode = FALSE
	EndGlobalSection
	GlobalSection(ExtensibilityGlobals) = postSolution
		SolutionGuid = {EE0934E8-8166-4A1F-ADC1-164410E71E81}
	EndGlobalSection
EndGlobal
